// !$*UTF8*$!
{
	archiveVersion = 1;
	classes = {
	};
	objectVersion = 52;
	objects = {

/* Begin PBXBuildFile section */
		5CF48E2F2657488700E857D7 /* AppDelegate.swift in Sources */ = {isa = PBXBuildFile; fileRef = 5CF48E2E2657488700E857D7 /* AppDelegate.swift */; };
		5CF48E312657488700E857D7 /* SceneDelegate.swift in Sources */ = {isa = PBXBuildFile; fileRef = 5CF48E302657488700E857D7 /* SceneDelegate.swift */; };
		5CF48E332657488700E857D7 /* ViewController.swift in Sources */ = {isa = PBXBuildFile; fileRef = 5CF48E322657488700E857D7 /* ViewController.swift */; };
		5CF48E362657488700E857D7 /* Main.storyboard in Resources */ = {isa = PBXBuildFile; fileRef = 5CF48E342657488700E857D7 /* Main.storyboard */; };
		5CF48E382657488800E857D7 /* Assets.xcassets in Resources */ = {isa = PBXBuildFile; fileRef = 5CF48E372657488800E857D7 /* Assets.xcassets */; };
		5CF48E3B2657488800E857D7 /* LaunchScreen.storyboard in Resources */ = {isa = PBXBuildFile; fileRef = 5CF48E392657488800E857D7 /* LaunchScreen.storyboard */; };
		5CF48E462657488800E857D7 /* _xPlaygroundTests.swift in Sources */ = {isa = PBXBuildFile; fileRef = 5CF48E452657488800E857D7 /* _xPlaygroundTests.swift */; };
		5CF48E512657488800E857D7 /* _xPlaygroundUITests.swift in Sources */ = {isa = PBXBuildFile; fileRef = 5CF48E502657488800E857D7 /* _xPlaygroundUITests.swift */; };
		5CF48E60265748AF00E857D7 /* Task in Frameworks */ = {isa = PBXBuildFile; productRef = 5CF48E5F265748AF00E857D7 /* Task */; };
		5CF48E632657492800E857D7 /* FlatMany in Frameworks */ = {isa = PBXBuildFile; productRef = 5CF48E622657492800E857D7 /* FlatMany */; };
		5CF48E662657493B00E857D7 /* Chronicle in Frameworks */ = {isa = PBXBuildFile; productRef = 5CF48E652657493B00E857D7 /* Chronicle */; };
		5CF48E692657494B00E857D7 /* Yarn in Frameworks */ = {isa = PBXBuildFile; productRef = 5CF48E682657494B00E857D7 /* Yarn */; };
		5CF48E6C265749E200E857D7 /* SwiftFu in Frameworks */ = {isa = PBXBuildFile; productRef = 5CF48E6B265749E200E857D7 /* SwiftFu */; };
		5CF48E6F26574A0100E857D7 /* DataObject in Frameworks */ = {isa = PBXBuildFile; productRef = 5CF48E6E26574A0100E857D7 /* DataObject */; };
		5CF48E7226574A3200E857D7 /* SwiftUIKit in Frameworks */ = {isa = PBXBuildFile; productRef = 5CF48E7126574A3200E857D7 /* SwiftUIKit */; };
		5CF48E7526574D8400E857D7 /* ScreenDataUI in Frameworks */ = {isa = PBXBuildFile; productRef = 5CF48E7426574D8400E857D7 /* ScreenDataUI */; };
/* End PBXBuildFile section */

/* Begin PBXContainerItemProxy section */
		5CF48E422657488800E857D7 /* PBXContainerItemProxy */ = {
			isa = PBXContainerItemProxy;
			containerPortal = 5CF48E232657488700E857D7 /* Project object */;
			proxyType = 1;
			remoteGlobalIDString = 5CF48E2A2657488700E857D7;
			remoteInfo = 0xPlayground;
		};
		5CF48E4D2657488800E857D7 /* PBXContainerItemProxy */ = {
			isa = PBXContainerItemProxy;
			containerPortal = 5CF48E232657488700E857D7 /* Project object */;
			proxyType = 1;
			remoteGlobalIDString = 5CF48E2A2657488700E857D7;
			remoteInfo = 0xPlayground;
		};
/* End PBXContainerItemProxy section */

/* Begin PBXFileReference section */
		5CF48E2B2657488700E857D7 /* 0xPlayground.app */ = {isa = PBXFileReference; explicitFileType = wrapper.application; includeInIndex = 0; path = 0xPlayground.app; sourceTree = BUILT_PRODUCTS_DIR; };
		5CF48E2E2657488700E857D7 /* AppDelegate.swift */ = {isa = PBXFileReference; lastKnownFileType = sourcecode.swift; path = AppDelegate.swift; sourceTree = "<group>"; };
		5CF48E302657488700E857D7 /* SceneDelegate.swift */ = {isa = PBXFileReference; lastKnownFileType = sourcecode.swift; path = SceneDelegate.swift; sourceTree = "<group>"; };
		5CF48E322657488700E857D7 /* ViewController.swift */ = {isa = PBXFileReference; lastKnownFileType = sourcecode.swift; path = ViewController.swift; sourceTree = "<group>"; };
		5CF48E352657488700E857D7 /* Base */ = {isa = PBXFileReference; lastKnownFileType = file.storyboard; name = Base; path = Base.lproj/Main.storyboard; sourceTree = "<group>"; };
		5CF48E372657488800E857D7 /* Assets.xcassets */ = {isa = PBXFileReference; lastKnownFileType = folder.assetcatalog; path = Assets.xcassets; sourceTree = "<group>"; };
		5CF48E3A2657488800E857D7 /* Base */ = {isa = PBXFileReference; lastKnownFileType = file.storyboard; name = Base; path = Base.lproj/LaunchScreen.storyboard; sourceTree = "<group>"; };
		5CF48E3C2657488800E857D7 /* Info.plist */ = {isa = PBXFileReference; lastKnownFileType = text.plist.xml; path = Info.plist; sourceTree = "<group>"; };
		5CF48E412657488800E857D7 /* 0xPlaygroundTests.xctest */ = {isa = PBXFileReference; explicitFileType = wrapper.cfbundle; includeInIndex = 0; path = 0xPlaygroundTests.xctest; sourceTree = BUILT_PRODUCTS_DIR; };
		5CF48E452657488800E857D7 /* _xPlaygroundTests.swift */ = {isa = PBXFileReference; lastKnownFileType = sourcecode.swift; path = _xPlaygroundTests.swift; sourceTree = "<group>"; };
		5CF48E472657488800E857D7 /* Info.plist */ = {isa = PBXFileReference; lastKnownFileType = text.plist.xml; path = Info.plist; sourceTree = "<group>"; };
		5CF48E4C2657488800E857D7 /* 0xPlaygroundUITests.xctest */ = {isa = PBXFileReference; explicitFileType = wrapper.cfbundle; includeInIndex = 0; path = 0xPlaygroundUITests.xctest; sourceTree = BUILT_PRODUCTS_DIR; };
		5CF48E502657488800E857D7 /* _xPlaygroundUITests.swift */ = {isa = PBXFileReference; lastKnownFileType = sourcecode.swift; path = _xPlaygroundUITests.swift; sourceTree = "<group>"; };
		5CF48E522657488800E857D7 /* Info.plist */ = {isa = PBXFileReference; lastKnownFileType = text.plist.xml; path = Info.plist; sourceTree = "<group>"; };
/* End PBXFileReference section */

/* Begin PBXFrameworksBuildPhase section */
		5CF48E282657488700E857D7 /* Frameworks */ = {
			isa = PBXFrameworksBuildPhase;
			buildActionMask = 2147483647;
			files = (
				5CF48E7226574A3200E857D7 /* SwiftUIKit in Frameworks */,
				5CF48E632657492800E857D7 /* FlatMany in Frameworks */,
				5CF48E662657493B00E857D7 /* Chronicle in Frameworks */,
				5CF48E692657494B00E857D7 /* Yarn in Frameworks */,
				5CF48E7526574D8400E857D7 /* ScreenDataUI in Frameworks */,
				5CF48E6F26574A0100E857D7 /* DataObject in Frameworks */,
				5CF48E6C265749E200E857D7 /* SwiftFu in Frameworks */,
				5CF48E60265748AF00E857D7 /* Task in Frameworks */,
			);
			runOnlyForDeploymentPostprocessing = 0;
		};
		5CF48E3E2657488800E857D7 /* Frameworks */ = {
			isa = PBXFrameworksBuildPhase;
			buildActionMask = 2147483647;
			files = (
			);
			runOnlyForDeploymentPostprocessing = 0;
		};
		5CF48E492657488800E857D7 /* Frameworks */ = {
			isa = PBXFrameworksBuildPhase;
			buildActionMask = 2147483647;
			files = (
			);
			runOnlyForDeploymentPostprocessing = 0;
		};
/* End PBXFrameworksBuildPhase section */

/* Begin PBXGroup section */
		5CF48E222657488700E857D7 = {
			isa = PBXGroup;
			children = (
				5CF48E2D2657488700E857D7 /* 0xPlayground */,
				5CF48E442657488800E857D7 /* 0xPlaygroundTests */,
				5CF48E4F2657488800E857D7 /* 0xPlaygroundUITests */,
				5CF48E2C2657488700E857D7 /* Products */,
			);
			sourceTree = "<group>";
		};
		5CF48E2C2657488700E857D7 /* Products */ = {
			isa = PBXGroup;
			children = (
				5CF48E2B2657488700E857D7 /* 0xPlayground.app */,
				5CF48E412657488800E857D7 /* 0xPlaygroundTests.xctest */,
				5CF48E4C2657488800E857D7 /* 0xPlaygroundUITests.xctest */,
			);
			name = Products;
			sourceTree = "<group>";
		};
		5CF48E2D2657488700E857D7 /* 0xPlayground */ = {
			isa = PBXGroup;
			children = (
				5CF48E2E2657488700E857D7 /* AppDelegate.swift */,
				5CF48E302657488700E857D7 /* SceneDelegate.swift */,
				5CF48E322657488700E857D7 /* ViewController.swift */,
				5CF48E342657488700E857D7 /* Main.storyboard */,
				5CF48E372657488800E857D7 /* Assets.xcassets */,
				5CF48E392657488800E857D7 /* LaunchScreen.storyboard */,
				5CF48E3C2657488800E857D7 /* Info.plist */,
			);
			path = 0xPlayground;
			sourceTree = "<group>";
		};
		5CF48E442657488800E857D7 /* 0xPlaygroundTests */ = {
			isa = PBXGroup;
			children = (
				5CF48E452657488800E857D7 /* _xPlaygroundTests.swift */,
				5CF48E472657488800E857D7 /* Info.plist */,
			);
			path = 0xPlaygroundTests;
			sourceTree = "<group>";
		};
		5CF48E4F2657488800E857D7 /* 0xPlaygroundUITests */ = {
			isa = PBXGroup;
			children = (
				5CF48E502657488800E857D7 /* _xPlaygroundUITests.swift */,
				5CF48E522657488800E857D7 /* Info.plist */,
			);
			path = 0xPlaygroundUITests;
			sourceTree = "<group>";
		};
/* End PBXGroup section */

/* Begin PBXNativeTarget section */
		5CF48E2A2657488700E857D7 /* 0xPlayground */ = {
			isa = PBXNativeTarget;
			buildConfigurationList = 5CF48E552657488800E857D7 /* Build configuration list for PBXNativeTarget "0xPlayground" */;
			buildPhases = (
				5CF48E272657488700E857D7 /* Sources */,
				5CF48E282657488700E857D7 /* Frameworks */,
				5CF48E292657488700E857D7 /* Resources */,
			);
			buildRules = (
			);
			dependencies = (
			);
			name = 0xPlayground;
			packageProductDependencies = (
				5CF48E5F265748AF00E857D7 /* Task */,
				5CF48E622657492800E857D7 /* FlatMany */,
				5CF48E652657493B00E857D7 /* Chronicle */,
				5CF48E682657494B00E857D7 /* Yarn */,
				5CF48E6B265749E200E857D7 /* SwiftFu */,
				5CF48E6E26574A0100E857D7 /* DataObject */,
				5CF48E7126574A3200E857D7 /* SwiftUIKit */,
				5CF48E7426574D8400E857D7 /* ScreenDataUI */,
			);
			productName = 0xPlayground;
			productReference = 5CF48E2B2657488700E857D7 /* 0xPlayground.app */;
			productType = "com.apple.product-type.application";
		};
		5CF48E402657488800E857D7 /* 0xPlaygroundTests */ = {
			isa = PBXNativeTarget;
			buildConfigurationList = 5CF48E582657488800E857D7 /* Build configuration list for PBXNativeTarget "0xPlaygroundTests" */;
			buildPhases = (
				5CF48E3D2657488800E857D7 /* Sources */,
				5CF48E3E2657488800E857D7 /* Frameworks */,
				5CF48E3F2657488800E857D7 /* Resources */,
			);
			buildRules = (
			);
			dependencies = (
				5CF48E432657488800E857D7 /* PBXTargetDependency */,
			);
			name = 0xPlaygroundTests;
			productName = 0xPlaygroundTests;
			productReference = 5CF48E412657488800E857D7 /* 0xPlaygroundTests.xctest */;
			productType = "com.apple.product-type.bundle.unit-test";
		};
		5CF48E4B2657488800E857D7 /* 0xPlaygroundUITests */ = {
			isa = PBXNativeTarget;
			buildConfigurationList = 5CF48E5B2657488800E857D7 /* Build configuration list for PBXNativeTarget "0xPlaygroundUITests" */;
			buildPhases = (
				5CF48E482657488800E857D7 /* Sources */,
				5CF48E492657488800E857D7 /* Frameworks */,
				5CF48E4A2657488800E857D7 /* Resources */,
			);
			buildRules = (
			);
			dependencies = (
				5CF48E4E2657488800E857D7 /* PBXTargetDependency */,
			);
			name = 0xPlaygroundUITests;
			productName = 0xPlaygroundUITests;
			productReference = 5CF48E4C2657488800E857D7 /* 0xPlaygroundUITests.xctest */;
			productType = "com.apple.product-type.bundle.ui-testing";
		};
/* End PBXNativeTarget section */

/* Begin PBXProject section */
		5CF48E232657488700E857D7 /* Project object */ = {
			isa = PBXProject;
			attributes = {
				LastSwiftUpdateCheck = 1250;
				LastUpgradeCheck = 1250;
				TargetAttributes = {
					5CF48E2A2657488700E857D7 = {
						CreatedOnToolsVersion = 12.5;
					};
					5CF48E402657488800E857D7 = {
						CreatedOnToolsVersion = 12.5;
						TestTargetID = 5CF48E2A2657488700E857D7;
					};
					5CF48E4B2657488800E857D7 = {
						CreatedOnToolsVersion = 12.5;
						TestTargetID = 5CF48E2A2657488700E857D7;
					};
				};
			};
			buildConfigurationList = 5CF48E262657488700E857D7 /* Build configuration list for PBXProject "0xPlayground" */;
			compatibilityVersion = "Xcode 9.3";
			developmentRegion = en;
			hasScannedForEncodings = 0;
			knownRegions = (
				en,
				Base,
			);
			mainGroup = 5CF48E222657488700E857D7;
			packageReferences = (
				5CF48E5E265748AF00E857D7 /* XCRemoteSwiftPackageReference "Task" */,
				5CF48E612657492800E857D7 /* XCRemoteSwiftPackageReference "FlatMany" */,
				5CF48E642657493B00E857D7 /* XCRemoteSwiftPackageReference "Chronicle" */,
				5CF48E672657494B00E857D7 /* XCRemoteSwiftPackageReference "Yarn" */,
				5CF48E6A265749E200E857D7 /* XCRemoteSwiftPackageReference "SwiftFu" */,
				5CF48E6D26574A0100E857D7 /* XCRemoteSwiftPackageReference "DataObject" */,
				5CF48E7026574A3200E857D7 /* XCRemoteSwiftPackageReference "SwiftUIKit" */,
				5CF48E7326574D8400E857D7 /* XCRemoteSwiftPackageReference "ScreenDataUI-ios" */,
			);
			productRefGroup = 5CF48E2C2657488700E857D7 /* Products */;
			projectDirPath = "";
			projectRoot = "";
			targets = (
				5CF48E2A2657488700E857D7 /* 0xPlayground */,
				5CF48E402657488800E857D7 /* 0xPlaygroundTests */,
				5CF48E4B2657488800E857D7 /* 0xPlaygroundUITests */,
			);
		};
/* End PBXProject section */

/* Begin PBXResourcesBuildPhase section */
		5CF48E292657488700E857D7 /* Resources */ = {
			isa = PBXResourcesBuildPhase;
			buildActionMask = 2147483647;
			files = (
				5CF48E3B2657488800E857D7 /* LaunchScreen.storyboard in Resources */,
				5CF48E382657488800E857D7 /* Assets.xcassets in Resources */,
				5CF48E362657488700E857D7 /* Main.storyboard in Resources */,
			);
			runOnlyForDeploymentPostprocessing = 0;
		};
		5CF48E3F2657488800E857D7 /* Resources */ = {
			isa = PBXResourcesBuildPhase;
			buildActionMask = 2147483647;
			files = (
			);
			runOnlyForDeploymentPostprocessing = 0;
		};
		5CF48E4A2657488800E857D7 /* Resources */ = {
			isa = PBXResourcesBuildPhase;
			buildActionMask = 2147483647;
			files = (
			);
			runOnlyForDeploymentPostprocessing = 0;
		};
/* End PBXResourcesBuildPhase section */

/* Begin PBXSourcesBuildPhase section */
		5CF48E272657488700E857D7 /* Sources */ = {
			isa = PBXSourcesBuildPhase;
			buildActionMask = 2147483647;
			files = (
				5CF48E332657488700E857D7 /* ViewController.swift in Sources */,
				5CF48E2F2657488700E857D7 /* AppDelegate.swift in Sources */,
				5CF48E312657488700E857D7 /* SceneDelegate.swift in Sources */,
			);
			runOnlyForDeploymentPostprocessing = 0;
		};
		5CF48E3D2657488800E857D7 /* Sources */ = {
			isa = PBXSourcesBuildPhase;
			buildActionMask = 2147483647;
			files = (
				5CF48E462657488800E857D7 /* _xPlaygroundTests.swift in Sources */,
			);
			runOnlyForDeploymentPostprocessing = 0;
		};
		5CF48E482657488800E857D7 /* Sources */ = {
			isa = PBXSourcesBuildPhase;
			buildActionMask = 2147483647;
			files = (
				5CF48E512657488800E857D7 /* _xPlaygroundUITests.swift in Sources */,
			);
			runOnlyForDeploymentPostprocessing = 0;
		};
/* End PBXSourcesBuildPhase section */

/* Begin PBXTargetDependency section */
		5CF48E432657488800E857D7 /* PBXTargetDependency */ = {
			isa = PBXTargetDependency;
			target = 5CF48E2A2657488700E857D7 /* 0xPlayground */;
			targetProxy = 5CF48E422657488800E857D7 /* PBXContainerItemProxy */;
		};
		5CF48E4E2657488800E857D7 /* PBXTargetDependency */ = {
			isa = PBXTargetDependency;
			target = 5CF48E2A2657488700E857D7 /* 0xPlayground */;
			targetProxy = 5CF48E4D2657488800E857D7 /* PBXContainerItemProxy */;
		};
/* End PBXTargetDependency section */

/* Begin PBXVariantGroup section */
		5CF48E342657488700E857D7 /* Main.storyboard */ = {
			isa = PBXVariantGroup;
			children = (
				5CF48E352657488700E857D7 /* Base */,
			);
			name = Main.storyboard;
			sourceTree = "<group>";
		};
		5CF48E392657488800E857D7 /* LaunchScreen.storyboard */ = {
			isa = PBXVariantGroup;
			children = (
				5CF48E3A2657488800E857D7 /* Base */,
			);
			name = LaunchScreen.storyboard;
			sourceTree = "<group>";
		};
/* End PBXVariantGroup section */

/* Begin XCBuildConfiguration section */
		5CF48E532657488800E857D7 /* Debug */ = {
			isa = XCBuildConfiguration;
			buildSettings = {
				ALWAYS_SEARCH_USER_PATHS = NO;
				CLANG_ANALYZER_NONNULL = YES;
				CLANG_ANALYZER_NUMBER_OBJECT_CONVERSION = YES_AGGRESSIVE;
				CLANG_CXX_LANGUAGE_STANDARD = "gnu++14";
				CLANG_CXX_LIBRARY = "libc++";
				CLANG_ENABLE_MODULES = YES;
				CLANG_ENABLE_OBJC_ARC = YES;
				CLANG_ENABLE_OBJC_WEAK = YES;
				CLANG_WARN_BLOCK_CAPTURE_AUTORELEASING = YES;
				CLANG_WARN_BOOL_CONVERSION = YES;
				CLANG_WARN_COMMA = YES;
				CLANG_WARN_CONSTANT_CONVERSION = YES;
				CLANG_WARN_DEPRECATED_OBJC_IMPLEMENTATIONS = YES;
				CLANG_WARN_DIRECT_OBJC_ISA_USAGE = YES_ERROR;
				CLANG_WARN_DOCUMENTATION_COMMENTS = YES;
				CLANG_WARN_EMPTY_BODY = YES;
				CLANG_WARN_ENUM_CONVERSION = YES;
				CLANG_WARN_INFINITE_RECURSION = YES;
				CLANG_WARN_INT_CONVERSION = YES;
				CLANG_WARN_NON_LITERAL_NULL_CONVERSION = YES;
				CLANG_WARN_OBJC_IMPLICIT_RETAIN_SELF = YES;
				CLANG_WARN_OBJC_LITERAL_CONVERSION = YES;
				CLANG_WARN_OBJC_ROOT_CLASS = YES_ERROR;
				CLANG_WARN_QUOTED_INCLUDE_IN_FRAMEWORK_HEADER = YES;
				CLANG_WARN_RANGE_LOOP_ANALYSIS = YES;
				CLANG_WARN_STRICT_PROTOTYPES = YES;
				CLANG_WARN_SUSPICIOUS_MOVE = YES;
				CLANG_WARN_UNGUARDED_AVAILABILITY = YES_AGGRESSIVE;
				CLANG_WARN_UNREACHABLE_CODE = YES;
				CLANG_WARN__DUPLICATE_METHOD_MATCH = YES;
				COPY_PHASE_STRIP = NO;
				DEBUG_INFORMATION_FORMAT = dwarf;
				ENABLE_STRICT_OBJC_MSGSEND = YES;
				ENABLE_TESTABILITY = YES;
				GCC_C_LANGUAGE_STANDARD = gnu11;
				GCC_DYNAMIC_NO_PIC = NO;
				GCC_NO_COMMON_BLOCKS = YES;
				GCC_OPTIMIZATION_LEVEL = 0;
				GCC_PREPROCESSOR_DEFINITIONS = (
					"DEBUG=1",
					"$(inherited)",
				);
				GCC_WARN_64_TO_32_BIT_CONVERSION = YES;
				GCC_WARN_ABOUT_RETURN_TYPE = YES_ERROR;
				GCC_WARN_UNDECLARED_SELECTOR = YES;
				GCC_WARN_UNINITIALIZED_AUTOS = YES_AGGRESSIVE;
				GCC_WARN_UNUSED_FUNCTION = YES;
				GCC_WARN_UNUSED_VARIABLE = YES;
				IPHONEOS_DEPLOYMENT_TARGET = 14.5;
				MTL_ENABLE_DEBUG_INFO = INCLUDE_SOURCE;
				MTL_FAST_MATH = YES;
				ONLY_ACTIVE_ARCH = YES;
				SDKROOT = iphoneos;
				SWIFT_ACTIVE_COMPILATION_CONDITIONS = DEBUG;
				SWIFT_OPTIMIZATION_LEVEL = "-Onone";
			};
			name = Debug;
		};
		5CF48E542657488800E857D7 /* Release */ = {
			isa = XCBuildConfiguration;
			buildSettings = {
				ALWAYS_SEARCH_USER_PATHS = NO;
				CLANG_ANALYZER_NONNULL = YES;
				CLANG_ANALYZER_NUMBER_OBJECT_CONVERSION = YES_AGGRESSIVE;
				CLANG_CXX_LANGUAGE_STANDARD = "gnu++14";
				CLANG_CXX_LIBRARY = "libc++";
				CLANG_ENABLE_MODULES = YES;
				CLANG_ENABLE_OBJC_ARC = YES;
				CLANG_ENABLE_OBJC_WEAK = YES;
				CLANG_WARN_BLOCK_CAPTURE_AUTORELEASING = YES;
				CLANG_WARN_BOOL_CONVERSION = YES;
				CLANG_WARN_COMMA = YES;
				CLANG_WARN_CONSTANT_CONVERSION = YES;
				CLANG_WARN_DEPRECATED_OBJC_IMPLEMENTATIONS = YES;
				CLANG_WARN_DIRECT_OBJC_ISA_USAGE = YES_ERROR;
				CLANG_WARN_DOCUMENTATION_COMMENTS = YES;
				CLANG_WARN_EMPTY_BODY = YES;
				CLANG_WARN_ENUM_CONVERSION = YES;
				CLANG_WARN_INFINITE_RECURSION = YES;
				CLANG_WARN_INT_CONVERSION = YES;
				CLANG_WARN_NON_LITERAL_NULL_CONVERSION = YES;
				CLANG_WARN_OBJC_IMPLICIT_RETAIN_SELF = YES;
				CLANG_WARN_OBJC_LITERAL_CONVERSION = YES;
				CLANG_WARN_OBJC_ROOT_CLASS = YES_ERROR;
				CLANG_WARN_QUOTED_INCLUDE_IN_FRAMEWORK_HEADER = YES;
				CLANG_WARN_RANGE_LOOP_ANALYSIS = YES;
				CLANG_WARN_STRICT_PROTOTYPES = YES;
				CLANG_WARN_SUSPICIOUS_MOVE = YES;
				CLANG_WARN_UNGUARDED_AVAILABILITY = YES_AGGRESSIVE;
				CLANG_WARN_UNREACHABLE_CODE = YES;
				CLANG_WARN__DUPLICATE_METHOD_MATCH = YES;
				COPY_PHASE_STRIP = NO;
				DEBUG_INFORMATION_FORMAT = "dwarf-with-dsym";
				ENABLE_NS_ASSERTIONS = NO;
				ENABLE_STRICT_OBJC_MSGSEND = YES;
				GCC_C_LANGUAGE_STANDARD = gnu11;
				GCC_NO_COMMON_BLOCKS = YES;
				GCC_WARN_64_TO_32_BIT_CONVERSION = YES;
				GCC_WARN_ABOUT_RETURN_TYPE = YES_ERROR;
				GCC_WARN_UNDECLARED_SELECTOR = YES;
				GCC_WARN_UNINITIALIZED_AUTOS = YES_AGGRESSIVE;
				GCC_WARN_UNUSED_FUNCTION = YES;
				GCC_WARN_UNUSED_VARIABLE = YES;
				IPHONEOS_DEPLOYMENT_TARGET = 14.5;
				MTL_ENABLE_DEBUG_INFO = NO;
				MTL_FAST_MATH = YES;
				SDKROOT = iphoneos;
				SWIFT_COMPILATION_MODE = wholemodule;
				SWIFT_OPTIMIZATION_LEVEL = "-O";
				VALIDATE_PRODUCT = YES;
			};
			name = Release;
		};
		5CF48E562657488800E857D7 /* Debug */ = {
			isa = XCBuildConfiguration;
			buildSettings = {
				ASSETCATALOG_COMPILER_APPICON_NAME = AppIcon;
				ASSETCATALOG_COMPILER_GLOBAL_ACCENT_COLOR_NAME = AccentColor;
				CODE_SIGN_STYLE = Automatic;
				DEVELOPMENT_TEAM = 8M8SAX62V2;
				INFOPLIST_FILE = 0xPlayground/Info.plist;
				LD_RUNPATH_SEARCH_PATHS = (
					"$(inherited)",
					"@executable_path/Frameworks",
				);
				PRODUCT_BUNDLE_IDENTIFIER = "com.leif.-xPlayground";
				PRODUCT_NAME = "$(TARGET_NAME)";
				SWIFT_VERSION = 5.0;
				TARGETED_DEVICE_FAMILY = "1,2";
			};
			name = Debug;
		};
		5CF48E572657488800E857D7 /* Release */ = {
			isa = XCBuildConfiguration;
			buildSettings = {
				ASSETCATALOG_COMPILER_APPICON_NAME = AppIcon;
				ASSETCATALOG_COMPILER_GLOBAL_ACCENT_COLOR_NAME = AccentColor;
				CODE_SIGN_STYLE = Automatic;
				DEVELOPMENT_TEAM = 8M8SAX62V2;
				INFOPLIST_FILE = 0xPlayground/Info.plist;
				LD_RUNPATH_SEARCH_PATHS = (
					"$(inherited)",
					"@executable_path/Frameworks",
				);
				PRODUCT_BUNDLE_IDENTIFIER = "com.leif.-xPlayground";
				PRODUCT_NAME = "$(TARGET_NAME)";
				SWIFT_VERSION = 5.0;
				TARGETED_DEVICE_FAMILY = "1,2";
			};
			name = Release;
		};
		5CF48E592657488800E857D7 /* Debug */ = {
			isa = XCBuildConfiguration;
			buildSettings = {
				ALWAYS_EMBED_SWIFT_STANDARD_LIBRARIES = YES;
				BUNDLE_LOADER = "$(TEST_HOST)";
				CODE_SIGN_STYLE = Automatic;
				DEVELOPMENT_TEAM = 8M8SAX62V2;
				INFOPLIST_FILE = 0xPlaygroundTests/Info.plist;
				IPHONEOS_DEPLOYMENT_TARGET = 14.5;
				LD_RUNPATH_SEARCH_PATHS = (
					"$(inherited)",
					"@executable_path/Frameworks",
					"@loader_path/Frameworks",
				);
				PRODUCT_BUNDLE_IDENTIFIER = "com.leif.-xPlaygroundTests";
				PRODUCT_NAME = "$(TARGET_NAME)";
				SWIFT_VERSION = 5.0;
				TARGETED_DEVICE_FAMILY = "1,2";
				TEST_HOST = "$(BUILT_PRODUCTS_DIR)/0xPlayground.app/0xPlayground";
			};
			name = Debug;
		};
		5CF48E5A2657488800E857D7 /* Release */ = {
			isa = XCBuildConfiguration;
			buildSettings = {
				ALWAYS_EMBED_SWIFT_STANDARD_LIBRARIES = YES;
				BUNDLE_LOADER = "$(TEST_HOST)";
				CODE_SIGN_STYLE = Automatic;
				DEVELOPMENT_TEAM = 8M8SAX62V2;
				INFOPLIST_FILE = 0xPlaygroundTests/Info.plist;
				IPHONEOS_DEPLOYMENT_TARGET = 14.5;
				LD_RUNPATH_SEARCH_PATHS = (
					"$(inherited)",
					"@executable_path/Frameworks",
					"@loader_path/Frameworks",
				);
				PRODUCT_BUNDLE_IDENTIFIER = "com.leif.-xPlaygroundTests";
				PRODUCT_NAME = "$(TARGET_NAME)";
				SWIFT_VERSION = 5.0;
				TARGETED_DEVICE_FAMILY = "1,2";
				TEST_HOST = "$(BUILT_PRODUCTS_DIR)/0xPlayground.app/0xPlayground";
			};
			name = Release;
		};
		5CF48E5C2657488800E857D7 /* Debug */ = {
			isa = XCBuildConfiguration;
			buildSettings = {
				ALWAYS_EMBED_SWIFT_STANDARD_LIBRARIES = YES;
				CODE_SIGN_STYLE = Automatic;
				DEVELOPMENT_TEAM = 8M8SAX62V2;
				INFOPLIST_FILE = 0xPlaygroundUITests/Info.plist;
				LD_RUNPATH_SEARCH_PATHS = (
					"$(inherited)",
					"@executable_path/Frameworks",
					"@loader_path/Frameworks",
				);
				PRODUCT_BUNDLE_IDENTIFIER = "com.leif.-xPlaygroundUITests";
				PRODUCT_NAME = "$(TARGET_NAME)";
				SWIFT_VERSION = 5.0;
				TARGETED_DEVICE_FAMILY = "1,2";
				TEST_TARGET_NAME = 0xPlayground;
			};
			name = Debug;
		};
		5CF48E5D2657488800E857D7 /* Release */ = {
			isa = XCBuildConfiguration;
			buildSettings = {
				ALWAYS_EMBED_SWIFT_STANDARD_LIBRARIES = YES;
				CODE_SIGN_STYLE = Automatic;
				DEVELOPMENT_TEAM = 8M8SAX62V2;
				INFOPLIST_FILE = 0xPlaygroundUITests/Info.plist;
				LD_RUNPATH_SEARCH_PATHS = (
					"$(inherited)",
					"@executable_path/Frameworks",
					"@loader_path/Frameworks",
				);
				PRODUCT_BUNDLE_IDENTIFIER = "com.leif.-xPlaygroundUITests";
				PRODUCT_NAME = "$(TARGET_NAME)";
				SWIFT_VERSION = 5.0;
				TARGETED_DEVICE_FAMILY = "1,2";
				TEST_TARGET_NAME = 0xPlayground;
			};
			name = Release;
		};
/* End XCBuildConfiguration section */

/* Begin XCConfigurationList section */
		5CF48E262657488700E857D7 /* Build configuration list for PBXProject "0xPlayground" */ = {
			isa = XCConfigurationList;
			buildConfigurations = (
				5CF48E532657488800E857D7 /* Debug */,
				5CF48E542657488800E857D7 /* Release */,
			);
			defaultConfigurationIsVisible = 0;
			defaultConfigurationName = Release;
		};
		5CF48E552657488800E857D7 /* Build configuration list for PBXNativeTarget "0xPlayground" */ = {
			isa = XCConfigurationList;
			buildConfigurations = (
				5CF48E562657488800E857D7 /* Debug */,
				5CF48E572657488800E857D7 /* Release */,
			);
			defaultConfigurationIsVisible = 0;
			defaultConfigurationName = Release;
		};
		5CF48E582657488800E857D7 /* Build configuration list for PBXNativeTarget "0xPlaygroundTests" */ = {
			isa = XCConfigurationList;
			buildConfigurations = (
				5CF48E592657488800E857D7 /* Debug */,
				5CF48E5A2657488800E857D7 /* Release */,
			);
			defaultConfigurationIsVisible = 0;
			defaultConfigurationName = Release;
		};
		5CF48E5B2657488800E857D7 /* Build configuration list for PBXNativeTarget "0xPlaygroundUITests" */ = {
			isa = XCConfigurationList;
			buildConfigurations = (
				5CF48E5C2657488800E857D7 /* Debug */,
				5CF48E5D2657488800E857D7 /* Release */,
			);
			defaultConfigurationIsVisible = 0;
			defaultConfigurationName = Release;
		};
/* End XCConfigurationList section */

/* Begin XCRemoteSwiftPackageReference section */
		5CF48E5E265748AF00E857D7 /* XCRemoteSwiftPackageReference "Task" */ = {
			isa = XCRemoteSwiftPackageReference;
			repositoryURL = "https://github.com/0xLeif/Task";
			requirement = {
				kind = upToNextMajorVersion;
				minimumVersion = 1.0.0;
			};
		};
		5CF48E612657492800E857D7 /* XCRemoteSwiftPackageReference "FlatMany" */ = {
			isa = XCRemoteSwiftPackageReference;
			repositoryURL = "https://github.com/0xLeif/FlatMany";
			requirement = {
				kind = upToNextMajorVersion;
				minimumVersion = 0.2.0;
			};
		};
		5CF48E642657493B00E857D7 /* XCRemoteSwiftPackageReference "Chronicle" */ = {
			isa = XCRemoteSwiftPackageReference;
			repositoryURL = "https://github.com/0xLeif/Chronicle";
			requirement = {
				kind = upToNextMajorVersion;
				minimumVersion = 0.2.3;
			};
		};
		5CF48E672657494B00E857D7 /* XCRemoteSwiftPackageReference "Yarn" */ = {
			isa = XCRemoteSwiftPackageReference;
			repositoryURL = "https://github.com/0xLeif/Yarn";
			requirement = {
				kind = upToNextMajorVersion;
				minimumVersion = 1.0.0;
			};
		};
		5CF48E6A265749E200E857D7 /* XCRemoteSwiftPackageReference "SwiftFu" */ = {
			isa = XCRemoteSwiftPackageReference;
			repositoryURL = "https://github.com/0xLet/SwiftFu";
			requirement = {
				kind = upToNextMajorVersion;
				minimumVersion = 1.0.1;
			};
		};
		5CF48E6D26574A0100E857D7 /* XCRemoteSwiftPackageReference "DataObject" */ = {
			isa = XCRemoteSwiftPackageReference;
			repositoryURL = "https://github.com/0xLet/DataObject";
			requirement = {
				kind = upToNextMajorVersion;
				minimumVersion = 1.1.1;
			};
		};
		5CF48E7026574A3200E857D7 /* XCRemoteSwiftPackageReference "SwiftUIKit" */ = {
			isa = XCRemoteSwiftPackageReference;
			repositoryURL = "https://github.com/0xLet/SwiftUIKit";
			requirement = {
				branch = develop;
				kind = branch;
			};
		};
		5CF48E7326574D8400E857D7 /* XCRemoteSwiftPackageReference "ScreenDataUI-ios" */ = {
			isa = XCRemoteSwiftPackageReference;
			repositoryURL = "https://github.com/ServerDriven/ScreenDataUI-ios";
			requirement = {
				branch = develop;
				kind = branch;
			};
		};
/* End XCRemoteSwiftPackageReference section */

/* Begin XCSwiftPackageProductDependency section */
		5CF48E5F265748AF00E857D7 /* Task */ = {
			isa = XCSwiftPackageProductDependency;
			package = 5CF48E5E265748AF00E857D7 /* XCRemoteSwiftPackageReference "Task" */;
			productName = Task;
		};
		5CF48E622657492800E857D7 /* FlatMany */ = {
			isa = XCSwiftPackageProductDependency;
			package = 5CF48E612657492800E857D7 /* XCRemoteSwiftPackageReference "FlatMany" */;
			productName = FlatMany;
		};
		5CF48E652657493B00E857D7 /* Chronicle */ = {
			isa = XCSwiftPackageProductDependency;
			package = 5CF48E642657493B00E857D7 /* XCRemoteSwiftPackageReference "Chronicle" */;
			productName = Chronicle;
		};
		5CF48E682657494B00E857D7 /* Yarn */ = {
			isa = XCSwiftPackageProductDependency;
			package = 5CF48E672657494B00E857D7 /* XCRemoteSwiftPackageReference "Yarn" */;
			productName = Yarn;
		};
		5CF48E6B265749E200E857D7 /* SwiftFu */ = {
			isa = XCSwiftPackageProductDependency;
			package = 5CF48E6A265749E200E857D7 /* XCRemoteSwiftPackageReference "SwiftFu" */;
			productName = SwiftFu;
		};
		5CF48E6E26574A0100E857D7 /* DataObject */ = {
			isa = XCSwiftPackageProductDependency;
			package = 5CF48E6D26574A0100E857D7 /* XCRemoteSwiftPackageReference "DataObject" */;
			productName = DataObject;
		};
		5CF48E7126574A3200E857D7 /* SwiftUIKit */ = {
			isa = XCSwiftPackageProductDependency;
			package = 5CF48E7026574A3200E857D7 /* XCRemoteSwiftPackageReference "SwiftUIKit" */;
			productName = SwiftUIKit;
		};
		5CF48E7426574D8400E857D7 /* ScreenDataUI */ = {
			isa = XCSwiftPackageProductDependency;
			package = 5CF48E7326574D8400E857D7 /* XCRemoteSwiftPackageReference "ScreenDataUI-ios" */;
			productName = ScreenDataUI;
		};
/* End XCSwiftPackageProductDependency section */
	};
	rootObject = 5CF48E232657488700E857D7 /* Project object */;
}
